
Microsoft Visual Studio Solution File, Format Version 12.00
# Visual Studio Version 16
VisualStudioVersion = 16.0.31605.320
MinimumVisualStudioVersion = 10.0.40219.1
Project("{FAE04EC0-301F-11D3-BF4B-00C04F79EFBC}") = "DbM", "DbM\DbM.csproj", "{ED977907-B6B5-43C2-942B-6B5DD3F71DCC}"
EndProject
Global
	GlobalSection(SolutionConfigurationPlatforms) = preSolution
		Debug|Any CPU = Debug|Any CPU
		Release|Any CPU = Release|Any CPU
	EndGlobalSection
	GlobalSection(ProjectConfigurationPlatforms) = postSolution
		{ED977907-B6B5-43C2-942B-6B5DD3F71DCC}.Debug|Any CPU.ActiveCfg = Debug|Any CPU
		{ED977907-B6B5-43C2-942B-6B5DD3F71DCC}.Debug|Any CPU.Build.0 = Debug|Any CPU
		{ED977907-B6B5-43C2-942B-6B5DD3F71DCC}.Release|Any CPU.ActiveCfg = Release|Any CPU
		{ED977907-B6B5-43C2-942B-6B5DD3F71DCC}.Release|Any CPU.Build.0 = Release|Any CPU
	EndGlobalSection
	GlobalSection(SolutionProperties) = preSolution
		HideSolutionNode = FALSE
	EndGlobalSection
	GlobalSection(ExtensibilityGlobals) = postSolution
		SolutionGuid = {B0320744-6E72-4A90-A3A2-6696648D2363}
	EndGlobalSection
EndGlobal
